// !$*UTF8*$!
{
	archiveVersion = 1;
	classes = {
	};
	objectVersion = 46;
	objects = {

/* Begin PBXBuildFile section */
		0200C98B1B2B49BC008ED219 /* ExpenseDrawingProperties.swift in Sources */ = {isa = PBXBuildFile; fileRef = 0200C98A1B2B49BC008ED219 /* ExpenseDrawingProperties.swift */; };
		0200C98D1B2B4EE4008ED219 /* ExpenseHeaderReusableView.swift in Sources */ = {isa = PBXBuildFile; fileRef = 0200C98C1B2B4EE4008ED219 /* ExpenseHeaderReusableView.swift */; };
		0206D6181B2A13A100CD3A0E /* ExpenseCollectionViewCell.swift in Sources */ = {isa = PBXBuildFile; fileRef = 0206D6161B2A13A100CD3A0E /* ExpenseCollectionViewCell.swift */; };
		0206D6191B2A13A100CD3A0E /* ExpenseCollectionViewCell.xib in Resources */ = {isa = PBXBuildFile; fileRef = 0206D6171B2A13A100CD3A0E /* ExpenseCollectionViewCell.xib */; };
		0206D63D1B2A214500CD3A0E /* ExpenseVectorView.swift in Sources */ = {isa = PBXBuildFile; fileRef = 0206D63C1B2A214500CD3A0E /* ExpenseVectorView.swift */; };
		021544191B29121A0057B176 /* CondoUtils.swift in Sources */ = {isa = PBXBuildFile; fileRef = 021544181B29121A0057B176 /* CondoUtils.swift */; };
		0215441E1B291A220057B176 /* AnnouncementTableViewCell.swift in Sources */ = {isa = PBXBuildFile; fileRef = 0215441C1B291A220057B176 /* AnnouncementTableViewCell.swift */; };
		0215441F1B291A220057B176 /* AnnouncementTableViewCell.xib in Resources */ = {isa = PBXBuildFile; fileRef = 0215441D1B291A220057B176 /* AnnouncementTableViewCell.xib */; };
		021544221B2927650057B176 /* ReportTableViewCell.swift in Sources */ = {isa = PBXBuildFile; fileRef = 021544201B2927650057B176 /* ReportTableViewCell.swift */; };
		021544231B2927650057B176 /* ReportTableViewCell.xib in Resources */ = {isa = PBXBuildFile; fileRef = 021544211B2927650057B176 /* ReportTableViewCell.xib */; };
		021544261B29298D0057B176 /* QuestionTableViewCell.swift in Sources */ = {isa = PBXBuildFile; fileRef = 021544241B29298D0057B176 /* QuestionTableViewCell.swift */; };
		021544271B29298D0057B176 /* QuestionTableViewCell.xib in Resources */ = {isa = PBXBuildFile; fileRef = 021544251B29298D0057B176 /* QuestionTableViewCell.xib */; };
		0215442B1B293A8D0057B176 /* PocketSVG.m in Sources */ = {isa = PBXBuildFile; fileRef = 0215442A1B293A8D0057B176 /* PocketSVG.m */; };
		0215442D1B293C050057B176 /* VectorView.swift in Sources */ = {isa = PBXBuildFile; fileRef = 0215442C1B293C050057B176 /* VectorView.swift */; };
		021544311B2943080057B176 /* VectorTestViewController.swift in Sources */ = {isa = PBXBuildFile; fileRef = 021544301B2943080057B176 /* VectorTestViewController.swift */; };
		0241574A1B2DD083000ADCB5 /* JBBarChartView.m in Sources */ = {isa = PBXBuildFile; fileRef = 024157451B2DD083000ADCB5 /* JBBarChartView.m */; };
		0241574B1B2DD083000ADCB5 /* JBChartView.m in Sources */ = {isa = PBXBuildFile; fileRef = 024157471B2DD083000ADCB5 /* JBChartView.m */; };
		0241574C1B2DD083000ADCB5 /* JBLineChartView.m in Sources */ = {isa = PBXBuildFile; fileRef = 024157491B2DD083000ADCB5 /* JBLineChartView.m */; };
		024157501B2DECB9000ADCB5 /* ExpensesViewController.swift in Sources */ = {isa = PBXBuildFile; fileRef = 0241574F1B2DECB9000ADCB5 /* ExpensesViewController.swift */; };
		024157521B2DF13F000ADCB5 /* ExpenseGraphViewController.swift in Sources */ = {isa = PBXBuildFile; fileRef = 024157511B2DF13F000ADCB5 /* ExpenseGraphViewController.swift */; };
		024D32A61B2CFEDC0061D518 /* SLKTextView+SLKAdditions.m in Sources */ = {isa = PBXBuildFile; fileRef = 024D32931B2CFEDC0061D518 /* SLKTextView+SLKAdditions.m */; };
		024D32A71B2CFEDC0061D518 /* UIResponder+SLKAdditions.m in Sources */ = {isa = PBXBuildFile; fileRef = 024D32961B2CFEDC0061D518 /* UIResponder+SLKAdditions.m */; };
		024D32A81B2CFEDC0061D518 /* UIScrollView+SLKAdditions.m in Sources */ = {isa = PBXBuildFile; fileRef = 024D32981B2CFEDC0061D518 /* UIScrollView+SLKAdditions.m */; };
		024D32A91B2CFEDC0061D518 /* UIView+SLKAdditions.m in Sources */ = {isa = PBXBuildFile; fileRef = 024D329A1B2CFEDC0061D518 /* UIView+SLKAdditions.m */; };
		024D32AA1B2CFEDC0061D518 /* SLKInputAccessoryView.m in Sources */ = {isa = PBXBuildFile; fileRef = 024D329D1B2CFEDC0061D518 /* SLKInputAccessoryView.m */; };
		024D32AB1B2CFEDC0061D518 /* SLKTextInputbar.m in Sources */ = {isa = PBXBuildFile; fileRef = 024D329F1B2CFEDC0061D518 /* SLKTextInputbar.m */; };
		024D32AC1B2CFEDC0061D518 /* SLKTextView.m in Sources */ = {isa = PBXBuildFile; fileRef = 024D32A11B2CFEDC0061D518 /* SLKTextView.m */; };
		024D32AD1B2CFEDC0061D518 /* SLKTextViewController.m in Sources */ = {isa = PBXBuildFile; fileRef = 024D32A31B2CFEDC0061D518 /* SLKTextViewController.m */; };
		024D32AE1B2CFEDC0061D518 /* SLKTypingIndicatorView.m in Sources */ = {isa = PBXBuildFile; fileRef = 024D32A51B2CFEDC0061D518 /* SLKTypingIndicatorView.m */; };
		02529E241B276A09009CF624 /* CondoModel.framework in Frameworks */ = {isa = PBXBuildFile; fileRef = 02529E1F1B276981009CF624 /* CondoModel.framework */; };
		02A9F8F51B28D8E700275606 /* PostDetailTableViewController.swift in Sources */ = {isa = PBXBuildFile; fileRef = 02A9F8F41B28D8E700275606 /* PostDetailTableViewController.swift */; };
		02ABC0031B2768BC00E0678B /* AppDelegate.swift in Sources */ = {isa = PBXBuildFile; fileRef = 02ABC0021B2768BC00E0678B /* AppDelegate.swift */; };
		02ABC0081B2768BC00E0678B /* Main.storyboard in Resources */ = {isa = PBXBuildFile; fileRef = 02ABC0061B2768BC00E0678B /* Main.storyboard */; };
		02ABC00A1B2768BC00E0678B /* Images.xcassets in Resources */ = {isa = PBXBuildFile; fileRef = 02ABC0091B2768BC00E0678B /* Images.xcassets */; };
		02ABC00D1B2768BC00E0678B /* LaunchScreen.xib in Resources */ = {isa = PBXBuildFile; fileRef = 02ABC00B1B2768BC00E0678B /* LaunchScreen.xib */; };
		02ABC0191B2768BC00E0678B /* CondoTests.swift in Sources */ = {isa = PBXBuildFile; fileRef = 02ABC0181B2768BC00E0678B /* CondoTests.swift */; };
		02AD60571B28BD87000D5210 /* PostView.swift in Sources */ = {isa = PBXBuildFile; fileRef = 02AD60561B28BD87000D5210 /* PostView.swift */; };
		02AD60591B28BDDD000D5210 /* PostView.xib in Resources */ = {isa = PBXBuildFile; fileRef = 02AD60581B28BDDD000D5210 /* PostView.xib */; };
		02E06E021B27970900580B3D /* CommunityFeedTableViewController.swift in Sources */ = {isa = PBXBuildFile; fileRef = 02E06E011B27970900580B3D /* CommunityFeedTableViewController.swift */; };
		02ECE4B41B309070000FC6A0 /* PostDrawingProperties.swift in Sources */ = {isa = PBXBuildFile; fileRef = 02ECE4B31B309070000FC6A0 /* PostDrawingProperties.swift */; };
		02ECE4B91B30B6B5000FC6A0 /* LoginViewController.swift in Sources */ = {isa = PBXBuildFile; fileRef = 02ECE4B81B30B6B5000FC6A0 /* LoginViewController.swift */; };
		02ECE4BB1B30B6BE000FC6A0 /* SignUpViewController.swift in Sources */ = {isa = PBXBuildFile; fileRef = 02ECE4BA1B30B6BE000FC6A0 /* SignUpViewController.swift */; };
		02ECE4BD1B30B6E4000FC6A0 /* AddExpenseTableViewController.swift in Sources */ = {isa = PBXBuildFile; fileRef = 02ECE4BC1B30B6E4000FC6A0 /* AddExpenseTableViewController.swift */; };
		02ECE4C11B31E8F7000FC6A0 /* ExpensesController.swift in Sources */ = {isa = PBXBuildFile; fileRef = 02ECE4C01B31E8F7000FC6A0 /* ExpensesController.swift */; };
		02ECE4C41B31EC51000FC6A0 /* ListExpensesTableViewController.swift in Sources */ = {isa = PBXBuildFile; fileRef = 02ECE4C31B31EC51000FC6A0 /* ListExpensesTableViewController.swift */; };
		02ECE4C61B31F7AD000FC6A0 /* MainViewController.swift in Sources */ = {isa = PBXBuildFile; fileRef = 02ECE4C51B31F7AD000FC6A0 /* MainViewController.swift */; };
		1B15DFD01B334D9B00CB365F /* ListDetailsExpensesTableViewController.swift in Sources */ = {isa = PBXBuildFile; fileRef = 1B15DFCF1B334D9B00CB365F /* ListDetailsExpensesTableViewController.swift */; };
		1B80A5451B33BF19000351B6 /* DetailsExpensesTableViewCell.swift in Sources */ = {isa = PBXBuildFile; fileRef = 1B80A5431B33BF19000351B6 /* DetailsExpensesTableViewCell.swift */; };
		1B80A5461B33BF19000351B6 /* DetailsExpensesTableViewCell.xib in Resources */ = {isa = PBXBuildFile; fileRef = 1B80A5441B33BF19000351B6 /* DetailsExpensesTableViewCell.xib */; };
		1B9CE3B01B2F450400866898 /* TestParseViewController.swift in Sources */ = {isa = PBXBuildFile; fileRef = 1B9CE3AF1B2F450400866898 /* TestParseViewController.swift */; };
		1BE0E2A81B28B333002BF58E /* CondoModel.framework in Frameworks */ = {isa = PBXBuildFile; fileRef = 02529E1F1B276981009CF624 /* CondoModel.framework */; };
		1BE0E2A91B28B333002BF58E /* CondoModel.framework in Embed Frameworks */ = {isa = PBXBuildFile; fileRef = 02529E1F1B276981009CF624 /* CondoModel.framework */; settings = {ATTRIBUTES = (CodeSignOnCopy, RemoveHeadersOnCopy, ); }; };
		1BE0E2B11B28C6BE002BF58E /* CommentTableViewCell.swift in Sources */ = {isa = PBXBuildFile; fileRef = 1BE0E2AF1B28C6BE002BF58E /* CommentTableViewCell.swift */; };
		1BE0E2B21B28C6BE002BF58E /* CommentTableViewCell.xib in Resources */ = {isa = PBXBuildFile; fileRef = 1BE0E2B01B28C6BE002BF58E /* CommentTableViewCell.xib */; };
		1BE15C6F1B2F5EBC001BC7BF /* TestExpenseParseViewController.swift in Sources */ = {isa = PBXBuildFile; fileRef = 1BE15C6E1B2F5EBC001BC7BF /* TestExpenseParseViewController.swift */; };
		1BF5FABC1B33F9B800E78744 /* SelectCondoViewController.swift in Sources */ = {isa = PBXBuildFile; fileRef = 1BF5FABB1B33F9B800E78744 /* SelectCondoViewController.swift */; };
		1BF5FABF1B33F9CD00E78744 /* logo.svg in Resources */ = {isa = PBXBuildFile; fileRef = 1BF5FABE1B33F9CD00E78744 /* logo.svg */; };
		1BF5FAC11B34012100E78744 /* CreateCondoViewController.swift in Sources */ = {isa = PBXBuildFile; fileRef = 1BF5FAC01B34012100E78744 /* CreateCondoViewController.swift */; };
		1BF7C76C1B2A15FC00E9D231 /* NewPostViewController.swift in Sources */ = {isa = PBXBuildFile; fileRef = 1BF7C76B1B2A15FC00E9D231 /* NewPostViewController.swift */; };
		D1DA35241B30A4980082E263 /* libz.dylib in Frameworks */ = {isa = PBXBuildFile; fileRef = D1DA35111B30A4980082E263 /* libz.dylib */; };
		D1DA35251B30A4980082E263 /* SystemConfiguration.framework in Frameworks */ = {isa = PBXBuildFile; fileRef = D1DA35121B30A4980082E263 /* SystemConfiguration.framework */; };
		D1DA35261B30A4980082E263 /* StoreKit.framework in Frameworks */ = {isa = PBXBuildFile; fileRef = D1DA35131B30A4980082E263 /* StoreKit.framework */; };
		D1DA35271B30A4980082E263 /* Security.framework in Frameworks */ = {isa = PBXBuildFile; fileRef = D1DA35141B30A4980082E263 /* Security.framework */; };
		D1DA35281B30A4980082E263 /* QuartzCore.framework in Frameworks */ = {isa = PBXBuildFile; fileRef = D1DA35151B30A4980082E263 /* QuartzCore.framework */; };
		D1DA35291B30A4980082E263 /* MobileCoreServices.framework in Frameworks */ = {isa = PBXBuildFile; fileRef = D1DA35161B30A4980082E263 /* MobileCoreServices.framework */; };
		D1DA352A1B30A4980082E263 /* CoreLocation.framework in Frameworks */ = {isa = PBXBuildFile; fileRef = D1DA35171B30A4980082E263 /* CoreLocation.framework */; };
		D1DA352B1B30A4980082E263 /* CoreGraphics.framework in Frameworks */ = {isa = PBXBuildFile; fileRef = D1DA35181B30A4980082E263 /* CoreGraphics.framework */; };
		D1DA352C1B30A4980082E263 /* CFNetwork.framework in Frameworks */ = {isa = PBXBuildFile; fileRef = D1DA35191B30A4980082E263 /* CFNetwork.framework */; };
		D1DA352D1B30A4980082E263 /* AudioToolbox.framework in Frameworks */ = {isa = PBXBuildFile; fileRef = D1DA351A1B30A4980082E263 /* AudioToolbox.framework */; };
		D1DA352E1B30A4980082E263 /* libsqlite3.0.dylib in Frameworks */ = {isa = PBXBuildFile; fileRef = D1DA351B1B30A4980082E263 /* libsqlite3.0.dylib */; };
		D1DA352F1B30A4980082E263 /* libsqlite3.dylib in Frameworks */ = {isa = PBXBuildFile; fileRef = D1DA351C1B30A4980082E263 /* libsqlite3.dylib */; };
		D1DA35301B30A4980082E263 /* ParseCrashReporting.framework in Frameworks */ = {isa = PBXBuildFile; fileRef = D1DA351D1B30A4980082E263 /* ParseCrashReporting.framework */; };
		D1DA35311B30A4980082E263 /* ParseFacebookUtils.framework in Frameworks */ = {isa = PBXBuildFile; fileRef = D1DA351E1B30A4980082E263 /* ParseFacebookUtils.framework */; };
		D1DA35321B30A4980082E263 /* ParseFacebookUtilsV4.framework in Frameworks */ = {isa = PBXBuildFile; fileRef = D1DA351F1B30A4980082E263 /* ParseFacebookUtilsV4.framework */; };
		D1DA35331B30A4980082E263 /* ParseUI.framework in Frameworks */ = {isa = PBXBuildFile; fileRef = D1DA35201B30A4980082E263 /* ParseUI.framework */; };
		D1DA35341B30A4980082E263 /* Parse.framework in Frameworks */ = {isa = PBXBuildFile; fileRef = D1DA35211B30A4980082E263 /* Parse.framework */; };
		D1DA35351B30A4980082E263 /* Bolts.framework in Frameworks */ = {isa = PBXBuildFile; fileRef = D1DA35221B30A4980082E263 /* Bolts.framework */; };
		D1DA35491B30BF970082E263 /* administrationCost.svg in Resources */ = {isa = PBXBuildFile; fileRef = D1DA35381B30BF970082E263 /* administrationCost.svg */; };
		D1DA354A1B30BF970082E263 /* cleaningMaterial.svg in Resources */ = {isa = PBXBuildFile; fileRef = D1DA35391B30BF970082E263 /* cleaningMaterial.svg */; };
		D1DA354B1B30BF970082E263 /* cleaningServices.svg in Resources */ = {isa = PBXBuildFile; fileRef = D1DA353A1B30BF970082E263 /* cleaningServices.svg */; };
		D1DA354C1B30BF970082E263 /* energy.svg in Resources */ = {isa = PBXBuildFile; fileRef = D1DA353B1B30BF970082E263 /* energy.svg */; };
		D1DA354D1B30BF970082E263 /* gas.svg in Resources */ = {isa = PBXBuildFile; fileRef = D1DA353C1B30BF970082E263 /* gas.svg */; };
		D1DA354E1B30BF970082E263 /* insurance.svg in Resources */ = {isa = PBXBuildFile; fileRef = D1DA353D1B30BF970082E263 /* insurance.svg */; };
		D1DA354F1B30BF970082E263 /* maintenanceGarden.svg in Resources */ = {isa = PBXBuildFile; fileRef = D1DA353E1B30BF970082E263 /* maintenanceGarden.svg */; };
		D1DA35501B30BF970082E263 /* maintenanceGenerator.svg in Resources */ = {isa = PBXBuildFile; fileRef = D1DA353F1B30BF970082E263 /* maintenanceGenerator.svg */; };
		D1DA35531B30BF970082E263 /* maintenancePainting.svg in Resources */ = {isa = PBXBuildFile; fileRef = D1DA35421B30BF970082E263 /* maintenancePainting.svg */; };
		D1DA35541B30BF970082E263 /* maintenancePestControl.svg in Resources */ = {isa = PBXBuildFile; fileRef = D1DA35431B30BF970082E263 /* maintenancePestControl.svg */; };
		D1DA35551B30BF970082E263 /* maintenanceWell.svg in Resources */ = {isa = PBXBuildFile; fileRef = D1DA35441B30BF970082E263 /* maintenanceWell.svg */; };
		D1DA35571B30BF970082E263 /* personel.svg in Resources */ = {isa = PBXBuildFile; fileRef = D1DA35461B30BF970082E263 /* personel.svg */; };
		D1DA35581B30BF970082E263 /* telephone.svg in Resources */ = {isa = PBXBuildFile; fileRef = D1DA35471B30BF970082E263 /* telephone.svg */; };
		D1DA35591B30BF970082E263 /* water.svg in Resources */ = {isa = PBXBuildFile; fileRef = D1DA35481B30BF970082E263 /* water.svg */; };
		D1DA355B1B30C33F0082E263 /* maintenanceLift.svg in Resources */ = {isa = PBXBuildFile; fileRef = D1DA355A1B30C33F0082E263 /* maintenanceLift.svg */; };
		D1DA355F1B30C42B0082E263 /* otherExpense.svg in Resources */ = {isa = PBXBuildFile; fileRef = D1DA355E1B30C42B0082E263 /* otherExpense.svg */; };
/* End PBXBuildFile section */

/* Begin PBXContainerItemProxy section */
		02529E1E1B276981009CF624 /* PBXContainerItemProxy */ = {
			isa = PBXContainerItemProxy;
			containerPortal = 02529E191B276980009CF624 /* CondoModel.xcodeproj */;
			proxyType = 2;
			remoteGlobalIDString = 02529DFD1B276980009CF624;
			remoteInfo = CondoModel;
		};
		02529E201B276981009CF624 /* PBXContainerItemProxy */ = {
			isa = PBXContainerItemProxy;
			containerPortal = 02529E191B276980009CF624 /* CondoModel.xcodeproj */;
			proxyType = 2;
			remoteGlobalIDString = 02529E081B276980009CF624;
			remoteInfo = CondoModelTests;
		};
		02ABC0131B2768BC00E0678B /* PBXContainerItemProxy */ = {
			isa = PBXContainerItemProxy;
			containerPortal = 02ABBFF51B2768BC00E0678B /* Project object */;
			proxyType = 1;
			remoteGlobalIDString = 02ABBFFC1B2768BC00E0678B;
			remoteInfo = Condo;
		};
		1BE0E2AA1B28B333002BF58E /* PBXContainerItemProxy */ = {
			isa = PBXContainerItemProxy;
			containerPortal = 02529E191B276980009CF624 /* CondoModel.xcodeproj */;
			proxyType = 1;
			remoteGlobalIDString = 02529DFC1B276980009CF624;
			remoteInfo = CondoModel;
		};
/* End PBXContainerItemProxy section */

/* Begin PBXCopyFilesBuildPhase section */
		1BE0E2AC1B28B333002BF58E /* Embed Frameworks */ = {
			isa = PBXCopyFilesBuildPhase;
			buildActionMask = 2147483647;
			dstPath = "";
			dstSubfolderSpec = 10;
			files = (
				1BE0E2A91B28B333002BF58E /* CondoModel.framework in Embed Frameworks */,
			);
			name = "Embed Frameworks";
			runOnlyForDeploymentPostprocessing = 0;
		};
/* End PBXCopyFilesBuildPhase section */

/* Begin PBXFileReference section */
		0200C98A1B2B49BC008ED219 /* ExpenseDrawingProperties.swift */ = {isa = PBXFileReference; fileEncoding = 4; lastKnownFileType = sourcecode.swift; path = ExpenseDrawingProperties.swift; sourceTree = "<group>"; };
		0200C98C1B2B4EE4008ED219 /* ExpenseHeaderReusableView.swift */ = {isa = PBXFileReference; fileEncoding = 4; lastKnownFileType = sourcecode.swift; path = ExpenseHeaderReusableView.swift; sourceTree = "<group>"; };
		0206D6161B2A13A100CD3A0E /* ExpenseCollectionViewCell.swift */ = {isa = PBXFileReference; fileEncoding = 4; lastKnownFileType = sourcecode.swift; path = ExpenseCollectionViewCell.swift; sourceTree = "<group>"; };
		0206D6171B2A13A100CD3A0E /* ExpenseCollectionViewCell.xib */ = {isa = PBXFileReference; fileEncoding = 4; lastKnownFileType = file.xib; path = ExpenseCollectionViewCell.xib; sourceTree = "<group>"; };
		0206D63C1B2A214500CD3A0E /* ExpenseVectorView.swift */ = {isa = PBXFileReference; fileEncoding = 4; lastKnownFileType = sourcecode.swift; path = ExpenseVectorView.swift; sourceTree = "<group>"; };
		021544181B29121A0057B176 /* CondoUtils.swift */ = {isa = PBXFileReference; fileEncoding = 4; lastKnownFileType = sourcecode.swift; path = CondoUtils.swift; sourceTree = "<group>"; };
		0215441C1B291A220057B176 /* AnnouncementTableViewCell.swift */ = {isa = PBXFileReference; fileEncoding = 4; lastKnownFileType = sourcecode.swift; path = AnnouncementTableViewCell.swift; sourceTree = "<group>"; };
		0215441D1B291A220057B176 /* AnnouncementTableViewCell.xib */ = {isa = PBXFileReference; fileEncoding = 4; lastKnownFileType = file.xib; path = AnnouncementTableViewCell.xib; sourceTree = "<group>"; };
		021544201B2927650057B176 /* ReportTableViewCell.swift */ = {isa = PBXFileReference; fileEncoding = 4; lastKnownFileType = sourcecode.swift; path = ReportTableViewCell.swift; sourceTree = "<group>"; };
		021544211B2927650057B176 /* ReportTableViewCell.xib */ = {isa = PBXFileReference; fileEncoding = 4; lastKnownFileType = file.xib; path = ReportTableViewCell.xib; sourceTree = "<group>"; };
		021544241B29298D0057B176 /* QuestionTableViewCell.swift */ = {isa = PBXFileReference; fileEncoding = 4; lastKnownFileType = sourcecode.swift; path = QuestionTableViewCell.swift; sourceTree = "<group>"; };
		021544251B29298D0057B176 /* QuestionTableViewCell.xib */ = {isa = PBXFileReference; fileEncoding = 4; lastKnownFileType = file.xib; path = QuestionTableViewCell.xib; sourceTree = "<group>"; };
		021544281B293A8C0057B176 /* Condo-Bridging-Header.h */ = {isa = PBXFileReference; lastKnownFileType = sourcecode.c.h; path = "Condo-Bridging-Header.h"; sourceTree = "<group>"; };
		021544291B293A8D0057B176 /* PocketSVG.h */ = {isa = PBXFileReference; fileEncoding = 4; lastKnownFileType = sourcecode.c.h; path = PocketSVG.h; sourceTree = "<group>"; };
		0215442A1B293A8D0057B176 /* PocketSVG.m */ = {isa = PBXFileReference; fileEncoding = 4; lastKnownFileType = sourcecode.c.objc; path = PocketSVG.m; sourceTree = "<group>"; };
		0215442C1B293C050057B176 /* VectorView.swift */ = {isa = PBXFileReference; fileEncoding = 4; lastKnownFileType = sourcecode.swift; path = VectorView.swift; sourceTree = "<group>"; };
		021544301B2943080057B176 /* VectorTestViewController.swift */ = {isa = PBXFileReference; fileEncoding = 4; lastKnownFileType = sourcecode.swift; path = VectorTestViewController.swift; sourceTree = "<group>"; };
		024157441B2DD083000ADCB5 /* JBBarChartView.h */ = {isa = PBXFileReference; fileEncoding = 4; lastKnownFileType = sourcecode.c.h; path = JBBarChartView.h; sourceTree = "<group>"; };
		024157451B2DD083000ADCB5 /* JBBarChartView.m */ = {isa = PBXFileReference; fileEncoding = 4; lastKnownFileType = sourcecode.c.objc; path = JBBarChartView.m; sourceTree = "<group>"; };
		024157461B2DD083000ADCB5 /* JBChartView.h */ = {isa = PBXFileReference; fileEncoding = 4; lastKnownFileType = sourcecode.c.h; path = JBChartView.h; sourceTree = "<group>"; };
		024157471B2DD083000ADCB5 /* JBChartView.m */ = {isa = PBXFileReference; fileEncoding = 4; lastKnownFileType = sourcecode.c.objc; path = JBChartView.m; sourceTree = "<group>"; };
		024157481B2DD083000ADCB5 /* JBLineChartView.h */ = {isa = PBXFileReference; fileEncoding = 4; lastKnownFileType = sourcecode.c.h; path = JBLineChartView.h; sourceTree = "<group>"; };
		024157491B2DD083000ADCB5 /* JBLineChartView.m */ = {isa = PBXFileReference; fileEncoding = 4; lastKnownFileType = sourcecode.c.objc; path = JBLineChartView.m; sourceTree = "<group>"; };
		0241574F1B2DECB9000ADCB5 /* ExpensesViewController.swift */ = {isa = PBXFileReference; fileEncoding = 4; lastKnownFileType = sourcecode.swift; path = ExpensesViewController.swift; sourceTree = "<group>"; };
		024157511B2DF13F000ADCB5 /* ExpenseGraphViewController.swift */ = {isa = PBXFileReference; fileEncoding = 4; lastKnownFileType = sourcecode.swift; path = ExpenseGraphViewController.swift; sourceTree = "<group>"; };
		024D32921B2CFEDC0061D518 /* SLKTextView+SLKAdditions.h */ = {isa = PBXFileReference; fileEncoding = 4; lastKnownFileType = sourcecode.c.h; path = "SLKTextView+SLKAdditions.h"; sourceTree = "<group>"; };
		024D32931B2CFEDC0061D518 /* SLKTextView+SLKAdditions.m */ = {isa = PBXFileReference; fileEncoding = 4; lastKnownFileType = sourcecode.c.objc; path = "SLKTextView+SLKAdditions.m"; sourceTree = "<group>"; };
		024D32941B2CFEDC0061D518 /* SLKUIConstants.h */ = {isa = PBXFileReference; fileEncoding = 4; lastKnownFileType = sourcecode.c.h; path = SLKUIConstants.h; sourceTree = "<group>"; };
		024D32951B2CFEDC0061D518 /* UIResponder+SLKAdditions.h */ = {isa = PBXFileReference; fileEncoding = 4; lastKnownFileType = sourcecode.c.h; path = "UIResponder+SLKAdditions.h"; sourceTree = "<group>"; };
		024D32961B2CFEDC0061D518 /* UIResponder+SLKAdditions.m */ = {isa = PBXFileReference; fileEncoding = 4; lastKnownFileType = sourcecode.c.objc; path = "UIResponder+SLKAdditions.m"; sourceTree = "<group>"; };
		024D32971B2CFEDC0061D518 /* UIScrollView+SLKAdditions.h */ = {isa = PBXFileReference; fileEncoding = 4; lastKnownFileType = sourcecode.c.h; path = "UIScrollView+SLKAdditions.h"; sourceTree = "<group>"; };
		024D32981B2CFEDC0061D518 /* UIScrollView+SLKAdditions.m */ = {isa = PBXFileReference; fileEncoding = 4; lastKnownFileType = sourcecode.c.objc; path = "UIScrollView+SLKAdditions.m"; sourceTree = "<group>"; };
		024D32991B2CFEDC0061D518 /* UIView+SLKAdditions.h */ = {isa = PBXFileReference; fileEncoding = 4; lastKnownFileType = sourcecode.c.h; path = "UIView+SLKAdditions.h"; sourceTree = "<group>"; };
		024D329A1B2CFEDC0061D518 /* UIView+SLKAdditions.m */ = {isa = PBXFileReference; fileEncoding = 4; lastKnownFileType = sourcecode.c.objc; path = "UIView+SLKAdditions.m"; sourceTree = "<group>"; };
		024D329C1B2CFEDC0061D518 /* SLKInputAccessoryView.h */ = {isa = PBXFileReference; fileEncoding = 4; lastKnownFileType = sourcecode.c.h; path = SLKInputAccessoryView.h; sourceTree = "<group>"; };
		024D329D1B2CFEDC0061D518 /* SLKInputAccessoryView.m */ = {isa = PBXFileReference; fileEncoding = 4; lastKnownFileType = sourcecode.c.objc; path = SLKInputAccessoryView.m; sourceTree = "<group>"; };
		024D329E1B2CFEDC0061D518 /* SLKTextInputbar.h */ = {isa = PBXFileReference; fileEncoding = 4; lastKnownFileType = sourcecode.c.h; path = SLKTextInputbar.h; sourceTree = "<group>"; };
		024D329F1B2CFEDC0061D518 /* SLKTextInputbar.m */ = {isa = PBXFileReference; fileEncoding = 4; lastKnownFileType = sourcecode.c.objc; path = SLKTextInputbar.m; sourceTree = "<group>"; };
		024D32A01B2CFEDC0061D518 /* SLKTextView.h */ = {isa = PBXFileReference; fileEncoding = 4; lastKnownFileType = sourcecode.c.h; path = SLKTextView.h; sourceTree = "<group>"; };
		024D32A11B2CFEDC0061D518 /* SLKTextView.m */ = {isa = PBXFileReference; fileEncoding = 4; lastKnownFileType = sourcecode.c.objc; path = SLKTextView.m; sourceTree = "<group>"; };
		024D32A21B2CFEDC0061D518 /* SLKTextViewController.h */ = {isa = PBXFileReference; fileEncoding = 4; lastKnownFileType = sourcecode.c.h; path = SLKTextViewController.h; sourceTree = "<group>"; };
		024D32A31B2CFEDC0061D518 /* SLKTextViewController.m */ = {isa = PBXFileReference; fileEncoding = 4; lastKnownFileType = sourcecode.c.objc; path = SLKTextViewController.m; sourceTree = "<group>"; };
		024D32A41B2CFEDC0061D518 /* SLKTypingIndicatorView.h */ = {isa = PBXFileReference; fileEncoding = 4; lastKnownFileType = sourcecode.c.h; path = SLKTypingIndicatorView.h; sourceTree = "<group>"; };
		024D32A51B2CFEDC0061D518 /* SLKTypingIndicatorView.m */ = {isa = PBXFileReference; fileEncoding = 4; lastKnownFileType = sourcecode.c.objc; path = SLKTypingIndicatorView.m; sourceTree = "<group>"; };
		02529E191B276980009CF624 /* CondoModel.xcodeproj */ = {isa = PBXFileReference; lastKnownFileType = "wrapper.pb-project"; name = CondoModel.xcodeproj; path = CondoModel/CondoModel.xcodeproj; sourceTree = "<group>"; };
		02A9F8F41B28D8E700275606 /* PostDetailTableViewController.swift */ = {isa = PBXFileReference; fileEncoding = 4; lastKnownFileType = sourcecode.swift; path = PostDetailTableViewController.swift; sourceTree = "<group>"; };
		02ABBFFD1B2768BC00E0678B /* Condo.app */ = {isa = PBXFileReference; explicitFileType = wrapper.application; includeInIndex = 0; path = Condo.app; sourceTree = BUILT_PRODUCTS_DIR; };
		02ABC0011B2768BC00E0678B /* Info.plist */ = {isa = PBXFileReference; lastKnownFileType = text.plist.xml; path = Info.plist; sourceTree = "<group>"; };
		02ABC0021B2768BC00E0678B /* AppDelegate.swift */ = {isa = PBXFileReference; lastKnownFileType = sourcecode.swift; path = AppDelegate.swift; sourceTree = "<group>"; };
		02ABC0071B2768BC00E0678B /* Base */ = {isa = PBXFileReference; lastKnownFileType = file.storyboard; name = Base; path = Base.lproj/Main.storyboard; sourceTree = "<group>"; };
		02ABC0091B2768BC00E0678B /* Images.xcassets */ = {isa = PBXFileReference; lastKnownFileType = folder.assetcatalog; path = Images.xcassets; sourceTree = "<group>"; };
		02ABC00C1B2768BC00E0678B /* Base */ = {isa = PBXFileReference; lastKnownFileType = file.xib; name = Base; path = Base.lproj/LaunchScreen.xib; sourceTree = "<group>"; };
		02ABC0121B2768BC00E0678B /* CondoTests.xctest */ = {isa = PBXFileReference; explicitFileType = wrapper.cfbundle; includeInIndex = 0; path = CondoTests.xctest; sourceTree = BUILT_PRODUCTS_DIR; };
		02ABC0171B2768BC00E0678B /* Info.plist */ = {isa = PBXFileReference; lastKnownFileType = text.plist.xml; path = Info.plist; sourceTree = "<group>"; };
		02ABC0181B2768BC00E0678B /* CondoTests.swift */ = {isa = PBXFileReference; lastKnownFileType = sourcecode.swift; path = CondoTests.swift; sourceTree = "<group>"; };
		02AD60561B28BD87000D5210 /* PostView.swift */ = {isa = PBXFileReference; fileEncoding = 4; lastKnownFileType = sourcecode.swift; path = PostView.swift; sourceTree = "<group>"; };
		02AD60581B28BDDD000D5210 /* PostView.xib */ = {isa = PBXFileReference; fileEncoding = 4; lastKnownFileType = file.xib; path = PostView.xib; sourceTree = "<group>"; };
		02E06E011B27970900580B3D /* CommunityFeedTableViewController.swift */ = {isa = PBXFileReference; fileEncoding = 4; lastKnownFileType = sourcecode.swift; path = CommunityFeedTableViewController.swift; sourceTree = "<group>"; };
		02ECE4B31B309070000FC6A0 /* PostDrawingProperties.swift */ = {isa = PBXFileReference; fileEncoding = 4; lastKnownFileType = sourcecode.swift; path = PostDrawingProperties.swift; sourceTree = "<group>"; };
		02ECE4B81B30B6B5000FC6A0 /* LoginViewController.swift */ = {isa = PBXFileReference; fileEncoding = 4; lastKnownFileType = sourcecode.swift; path = LoginViewController.swift; sourceTree = "<group>"; };
		02ECE4BA1B30B6BE000FC6A0 /* SignUpViewController.swift */ = {isa = PBXFileReference; fileEncoding = 4; lastKnownFileType = sourcecode.swift; path = SignUpViewController.swift; sourceTree = "<group>"; };
		02ECE4BC1B30B6E4000FC6A0 /* AddExpenseTableViewController.swift */ = {isa = PBXFileReference; fileEncoding = 4; lastKnownFileType = sourcecode.swift; path = AddExpenseTableViewController.swift; sourceTree = "<group>"; };
		02ECE4C01B31E8F7000FC6A0 /* ExpensesController.swift */ = {isa = PBXFileReference; fileEncoding = 4; lastKnownFileType = sourcecode.swift; path = ExpensesController.swift; sourceTree = "<group>"; };
		02ECE4C31B31EC51000FC6A0 /* ListExpensesTableViewController.swift */ = {isa = PBXFileReference; fileEncoding = 4; lastKnownFileType = sourcecode.swift; path = ListExpensesTableViewController.swift; sourceTree = "<group>"; };
		02ECE4C51B31F7AD000FC6A0 /* MainViewController.swift */ = {isa = PBXFileReference; fileEncoding = 4; lastKnownFileType = sourcecode.swift; path = MainViewController.swift; sourceTree = "<group>"; };
		1B15DFCF1B334D9B00CB365F /* ListDetailsExpensesTableViewController.swift */ = {isa = PBXFileReference; fileEncoding = 4; lastKnownFileType = sourcecode.swift; path = ListDetailsExpensesTableViewController.swift; sourceTree = "<group>"; };
		1B80A5431B33BF19000351B6 /* DetailsExpensesTableViewCell.swift */ = {isa = PBXFileReference; fileEncoding = 4; lastKnownFileType = sourcecode.swift; path = DetailsExpensesTableViewCell.swift; sourceTree = "<group>"; };
		1B80A5441B33BF19000351B6 /* DetailsExpensesTableViewCell.xib */ = {isa = PBXFileReference; fileEncoding = 4; lastKnownFileType = file.xib; path = DetailsExpensesTableViewCell.xib; sourceTree = "<group>"; };
		1B9CE3AF1B2F450400866898 /* TestParseViewController.swift */ = {isa = PBXFileReference; fileEncoding = 4; lastKnownFileType = sourcecode.swift; path = TestParseViewController.swift; sourceTree = "<group>"; };
		1BE0E2AF1B28C6BE002BF58E /* CommentTableViewCell.swift */ = {isa = PBXFileReference; fileEncoding = 4; lastKnownFileType = sourcecode.swift; path = CommentTableViewCell.swift; sourceTree = "<group>"; };
		1BE0E2B01B28C6BE002BF58E /* CommentTableViewCell.xib */ = {isa = PBXFileReference; fileEncoding = 4; lastKnownFileType = file.xib; path = CommentTableViewCell.xib; sourceTree = "<group>"; };
		1BE15C6E1B2F5EBC001BC7BF /* TestExpenseParseViewController.swift */ = {isa = PBXFileReference; fileEncoding = 4; lastKnownFileType = sourcecode.swift; path = TestExpenseParseViewController.swift; sourceTree = "<group>"; };
		1BF5FABB1B33F9B800E78744 /* SelectCondoViewController.swift */ = {isa = PBXFileReference; fileEncoding = 4; lastKnownFileType = sourcecode.swift; path = SelectCondoViewController.swift; sourceTree = "<group>"; };
		1BF5FABE1B33F9CD00E78744 /* logo.svg */ = {isa = PBXFileReference; fileEncoding = 4; lastKnownFileType = text.xml; path = logo.svg; sourceTree = "<group>"; };
		1BF5FAC01B34012100E78744 /* CreateCondoViewController.swift */ = {isa = PBXFileReference; fileEncoding = 4; lastKnownFileType = sourcecode.swift; path = CreateCondoViewController.swift; sourceTree = "<group>"; };
		1BF7C76B1B2A15FC00E9D231 /* NewPostViewController.swift */ = {isa = PBXFileReference; fileEncoding = 4; lastKnownFileType = sourcecode.swift; path = NewPostViewController.swift; sourceTree = "<group>"; };
		D1DA35111B30A4980082E263 /* libz.dylib */ = {isa = PBXFileReference; lastKnownFileType = "compiled.mach-o.dylib"; name = libz.dylib; path = /Applications/Xcode.app/Contents/Developer/Platforms/iPhoneOS.platform/Developer/SDKs/iPhoneOS8.3.sdk/usr/lib/libz.dylib; sourceTree = "<absolute>"; };
		D1DA35121B30A4980082E263 /* SystemConfiguration.framework */ = {isa = PBXFileReference; lastKnownFileType = wrapper.framework; name = SystemConfiguration.framework; path = /Applications/Xcode.app/Contents/Developer/Platforms/iPhoneOS.platform/Developer/SDKs/iPhoneOS8.3.sdk/System/Library/Frameworks/SystemConfiguration.framework; sourceTree = "<absolute>"; };
		D1DA35131B30A4980082E263 /* StoreKit.framework */ = {isa = PBXFileReference; lastKnownFileType = wrapper.framework; name = StoreKit.framework; path = /Applications/Xcode.app/Contents/Developer/Platforms/iPhoneOS.platform/Developer/SDKs/iPhoneOS8.3.sdk/System/Library/Frameworks/StoreKit.framework; sourceTree = "<absolute>"; };
		D1DA35141B30A4980082E263 /* Security.framework */ = {isa = PBXFileReference; lastKnownFileType = wrapper.framework; name = Security.framework; path = /Applications/Xcode.app/Contents/Developer/Platforms/iPhoneOS.platform/Developer/SDKs/iPhoneOS8.3.sdk/System/Library/Frameworks/Security.framework; sourceTree = "<absolute>"; };
		D1DA35151B30A4980082E263 /* QuartzCore.framework */ = {isa = PBXFileReference; lastKnownFileType = wrapper.framework; name = QuartzCore.framework; path = /Applications/Xcode.app/Contents/Developer/Platforms/iPhoneOS.platform/Developer/SDKs/iPhoneOS8.3.sdk/System/Library/Frameworks/QuartzCore.framework; sourceTree = "<absolute>"; };
		D1DA35161B30A4980082E263 /* MobileCoreServices.framework */ = {isa = PBXFileReference; lastKnownFileType = wrapper.framework; name = MobileCoreServices.framework; path = /Applications/Xcode.app/Contents/Developer/Platforms/iPhoneOS.platform/Developer/SDKs/iPhoneOS8.3.sdk/System/Library/Frameworks/MobileCoreServices.framework; sourceTree = "<absolute>"; };
		D1DA35171B30A4980082E263 /* CoreLocation.framework */ = {isa = PBXFileReference; lastKnownFileType = wrapper.framework; name = CoreLocation.framework; path = /Applications/Xcode.app/Contents/Developer/Platforms/iPhoneOS.platform/Developer/SDKs/iPhoneOS8.3.sdk/System/Library/Frameworks/CoreLocation.framework; sourceTree = "<absolute>"; };
		D1DA35181B30A4980082E263 /* CoreGraphics.framework */ = {isa = PBXFileReference; lastKnownFileType = wrapper.framework; name = CoreGraphics.framework; path = /Applications/Xcode.app/Contents/Developer/Platforms/iPhoneOS.platform/Developer/SDKs/iPhoneOS8.3.sdk/System/Library/Frameworks/CoreGraphics.framework; sourceTree = "<absolute>"; };
		D1DA35191B30A4980082E263 /* CFNetwork.framework */ = {isa = PBXFileReference; lastKnownFileType = wrapper.framework; name = CFNetwork.framework; path = /Applications/Xcode.app/Contents/Developer/Platforms/iPhoneOS.platform/Developer/SDKs/iPhoneOS8.3.sdk/System/Library/Frameworks/CFNetwork.framework; sourceTree = "<absolute>"; };
		D1DA351A1B30A4980082E263 /* AudioToolbox.framework */ = {isa = PBXFileReference; lastKnownFileType = wrapper.framework; name = AudioToolbox.framework; path = /Applications/Xcode.app/Contents/Developer/Platforms/iPhoneOS.platform/Developer/SDKs/iPhoneOS8.3.sdk/System/Library/Frameworks/AudioToolbox.framework; sourceTree = "<absolute>"; };
		D1DA351B1B30A4980082E263 /* libsqlite3.0.dylib */ = {isa = PBXFileReference; lastKnownFileType = "compiled.mach-o.dylib"; name = libsqlite3.0.dylib; path = /Applications/Xcode.app/Contents/Developer/Platforms/iPhoneOS.platform/Developer/SDKs/iPhoneOS8.3.sdk/usr/lib/libsqlite3.0.dylib; sourceTree = "<absolute>"; };
		D1DA351C1B30A4980082E263 /* libsqlite3.dylib */ = {isa = PBXFileReference; lastKnownFileType = "compiled.mach-o.dylib"; name = libsqlite3.dylib; path = /Applications/Xcode.app/Contents/Developer/Platforms/iPhoneOS.platform/Developer/SDKs/iPhoneOS8.3.sdk/usr/lib/libsqlite3.dylib; sourceTree = "<absolute>"; };
		D1DA351D1B30A4980082E263 /* ParseCrashReporting.framework */ = {isa = PBXFileReference; lastKnownFileType = wrapper.framework; path = ParseCrashReporting.framework; sourceTree = "<group>"; };
		D1DA351E1B30A4980082E263 /* ParseFacebookUtils.framework */ = {isa = PBXFileReference; lastKnownFileType = wrapper.framework; path = ParseFacebookUtils.framework; sourceTree = "<group>"; };
		D1DA351F1B30A4980082E263 /* ParseFacebookUtilsV4.framework */ = {isa = PBXFileReference; lastKnownFileType = wrapper.framework; path = ParseFacebookUtilsV4.framework; sourceTree = "<group>"; };
		D1DA35201B30A4980082E263 /* ParseUI.framework */ = {isa = PBXFileReference; lastKnownFileType = wrapper.framework; path = ParseUI.framework; sourceTree = "<group>"; };
		D1DA35211B30A4980082E263 /* Parse.framework */ = {isa = PBXFileReference; lastKnownFileType = wrapper.framework; path = Parse.framework; sourceTree = "<group>"; };
		D1DA35221B30A4980082E263 /* Bolts.framework */ = {isa = PBXFileReference; lastKnownFileType = wrapper.framework; path = Bolts.framework; sourceTree = "<group>"; };
		D1DA35381B30BF970082E263 /* administrationCost.svg */ = {isa = PBXFileReference; fileEncoding = 4; lastKnownFileType = text.xml; path = administrationCost.svg; sourceTree = "<group>"; };
		D1DA35391B30BF970082E263 /* cleaningMaterial.svg */ = {isa = PBXFileReference; fileEncoding = 4; lastKnownFileType = text.xml; path = cleaningMaterial.svg; sourceTree = "<group>"; };
		D1DA353A1B30BF970082E263 /* cleaningServices.svg */ = {isa = PBXFileReference; fileEncoding = 4; lastKnownFileType = text.xml; path = cleaningServices.svg; sourceTree = "<group>"; };
		D1DA353B1B30BF970082E263 /* energy.svg */ = {isa = PBXFileReference; fileEncoding = 4; lastKnownFileType = text.xml; path = energy.svg; sourceTree = "<group>"; };
		D1DA353C1B30BF970082E263 /* gas.svg */ = {isa = PBXFileReference; fileEncoding = 4; lastKnownFileType = text.xml; path = gas.svg; sourceTree = "<group>"; };
		D1DA353D1B30BF970082E263 /* insurance.svg */ = {isa = PBXFileReference; fileEncoding = 4; lastKnownFileType = text.xml; path = insurance.svg; sourceTree = "<group>"; };
		D1DA353E1B30BF970082E263 /* maintenanceGarden.svg */ = {isa = PBXFileReference; fileEncoding = 4; lastKnownFileType = text.xml; path = maintenanceGarden.svg; sourceTree = "<group>"; };
		D1DA353F1B30BF970082E263 /* maintenanceGenerator.svg */ = {isa = PBXFileReference; fileEncoding = 4; lastKnownFileType = text.xml; path = maintenanceGenerator.svg; sourceTree = "<group>"; };
		D1DA35421B30BF970082E263 /* maintenancePainting.svg */ = {isa = PBXFileReference; fileEncoding = 4; lastKnownFileType = text.xml; path = maintenancePainting.svg; sourceTree = "<group>"; };
		D1DA35431B30BF970082E263 /* maintenancePestControl.svg */ = {isa = PBXFileReference; fileEncoding = 4; lastKnownFileType = text.xml; path = maintenancePestControl.svg; sourceTree = "<group>"; };
		D1DA35441B30BF970082E263 /* maintenanceWell.svg */ = {isa = PBXFileReference; fileEncoding = 4; lastKnownFileType = text.xml; path = maintenanceWell.svg; sourceTree = "<group>"; };
		D1DA35461B30BF970082E263 /* personel.svg */ = {isa = PBXFileReference; fileEncoding = 4; lastKnownFileType = text.xml; path = personel.svg; sourceTree = "<group>"; };
		D1DA35471B30BF970082E263 /* telephone.svg */ = {isa = PBXFileReference; fileEncoding = 4; lastKnownFileType = text.xml; path = telephone.svg; sourceTree = "<group>"; };
		D1DA35481B30BF970082E263 /* water.svg */ = {isa = PBXFileReference; fileEncoding = 4; lastKnownFileType = text.xml; path = water.svg; sourceTree = "<group>"; };
		D1DA355A1B30C33F0082E263 /* maintenanceLift.svg */ = {isa = PBXFileReference; fileEncoding = 4; lastKnownFileType = text.xml; path = maintenanceLift.svg; sourceTree = "<group>"; };
		D1DA355E1B30C42B0082E263 /* otherExpense.svg */ = {isa = PBXFileReference; fileEncoding = 4; lastKnownFileType = text.xml; path = otherExpense.svg; sourceTree = "<group>"; };
/* End PBXFileReference section */

/* Begin PBXFrameworksBuildPhase section */
		02ABBFFA1B2768BC00E0678B /* Frameworks */ = {
			isa = PBXFrameworksBuildPhase;
			buildActionMask = 2147483647;
			files = (
				D1DA35331B30A4980082E263 /* ParseUI.framework in Frameworks */,
				1BE0E2A81B28B333002BF58E /* CondoModel.framework in Frameworks */,
				D1DA35301B30A4980082E263 /* ParseCrashReporting.framework in Frameworks */,
				D1DA352C1B30A4980082E263 /* CFNetwork.framework in Frameworks */,
				02529E241B276A09009CF624 /* CondoModel.framework in Frameworks */,
				D1DA35281B30A4980082E263 /* QuartzCore.framework in Frameworks */,
				D1DA352F1B30A4980082E263 /* libsqlite3.dylib in Frameworks */,
				D1DA352A1B30A4980082E263 /* CoreLocation.framework in Frameworks */,
				D1DA35261B30A4980082E263 /* StoreKit.framework in Frameworks */,
				D1DA35251B30A4980082E263 /* SystemConfiguration.framework in Frameworks */,
				D1DA35291B30A4980082E263 /* MobileCoreServices.framework in Frameworks */,
				D1DA35271B30A4980082E263 /* Security.framework in Frameworks */,
				D1DA352B1B30A4980082E263 /* CoreGraphics.framework in Frameworks */,
				D1DA35341B30A4980082E263 /* Parse.framework in Frameworks */,
				D1DA352E1B30A4980082E263 /* libsqlite3.0.dylib in Frameworks */,
				D1DA35351B30A4980082E263 /* Bolts.framework in Frameworks */,
				D1DA35241B30A4980082E263 /* libz.dylib in Frameworks */,
				D1DA35321B30A4980082E263 /* ParseFacebookUtilsV4.framework in Frameworks */,
				D1DA35311B30A4980082E263 /* ParseFacebookUtils.framework in Frameworks */,
				D1DA352D1B30A4980082E263 /* AudioToolbox.framework in Frameworks */,
			);
			runOnlyForDeploymentPostprocessing = 0;
		};
		02ABC00F1B2768BC00E0678B /* Frameworks */ = {
			isa = PBXFrameworksBuildPhase;
			buildActionMask = 2147483647;
			files = (
			);
			runOnlyForDeploymentPostprocessing = 0;
		};
/* End PBXFrameworksBuildPhase section */

/* Begin PBXGroup section */
		021544131B2900F20057B176 /* Cells */ = {
			isa = PBXGroup;
			children = (
				1BE0E2AF1B28C6BE002BF58E /* CommentTableViewCell.swift */,
				1BE0E2B01B28C6BE002BF58E /* CommentTableViewCell.xib */,
				021544241B29298D0057B176 /* QuestionTableViewCell.swift */,
				021544251B29298D0057B176 /* QuestionTableViewCell.xib */,
				021544201B2927650057B176 /* ReportTableViewCell.swift */,
				021544211B2927650057B176 /* ReportTableViewCell.xib */,
				0215441C1B291A220057B176 /* AnnouncementTableViewCell.swift */,
				0215441D1B291A220057B176 /* AnnouncementTableViewCell.xib */,
				02AD60561B28BD87000D5210 /* PostView.swift */,
				02AD60581B28BDDD000D5210 /* PostView.xib */,
				0206D6161B2A13A100CD3A0E /* ExpenseCollectionViewCell.swift */,
				0206D6171B2A13A100CD3A0E /* ExpenseCollectionViewCell.xib */,
				1B80A5431B33BF19000351B6 /* DetailsExpensesTableViewCell.swift */,
				1B80A5441B33BF19000351B6 /* DetailsExpensesTableViewCell.xib */,
			);
			name = Cells;
			sourceTree = "<group>";
		};
		021544321B294F070057B176 /* View */ = {
			isa = PBXGroup;
			children = (
				0200C98A1B2B49BC008ED219 /* ExpenseDrawingProperties.swift */,
				02ECE4B31B309070000FC6A0 /* PostDrawingProperties.swift */,
				02ABC0061B2768BC00E0678B /* Main.storyboard */,
				02ABC00B1B2768BC00E0678B /* LaunchScreen.xib */,
				0215442C1B293C050057B176 /* VectorView.swift */,
				0206D63C1B2A214500CD3A0E /* ExpenseVectorView.swift */,
				0200C98C1B2B4EE4008ED219 /* ExpenseHeaderReusableView.swift */,
				021544131B2900F20057B176 /* Cells */,
			);
			name = View;
			sourceTree = "<group>";
		};
		021544331B294F140057B176 /* Controller */ = {
			isa = PBXGroup;
			children = (
				1BF5FABB1B33F9B800E78744 /* SelectCondoViewController.swift */,
				02ECE4C51B31F7AD000FC6A0 /* MainViewController.swift */,
				02ECE4B81B30B6B5000FC6A0 /* LoginViewController.swift */,
				02ECE4BA1B30B6BE000FC6A0 /* SignUpViewController.swift */,
				02E06E011B27970900580B3D /* CommunityFeedTableViewController.swift */,
				02A9F8F41B28D8E700275606 /* PostDetailTableViewController.swift */,
				D1E279461B31FCCA00CB33FA /* Expenses */,
				021544301B2943080057B176 /* VectorTestViewController.swift */,
				1BF7C76B1B2A15FC00E9D231 /* NewPostViewController.swift */,
				1B9CE3AF1B2F450400866898 /* TestParseViewController.swift */,
				1BE15C6E1B2F5EBC001BC7BF /* TestExpenseParseViewController.swift */,
				1BF5FAC01B34012100E78744 /* CreateCondoViewController.swift */,
			);
			name = Controller;
			sourceTree = "<group>";
		};
		024157431B2DD083000ADCB5 /* Jawbone */ = {
			isa = PBXGroup;
			children = (
				024157441B2DD083000ADCB5 /* JBBarChartView.h */,
				024157451B2DD083000ADCB5 /* JBBarChartView.m */,
				024157461B2DD083000ADCB5 /* JBChartView.h */,
				024157471B2DD083000ADCB5 /* JBChartView.m */,
				024157481B2DD083000ADCB5 /* JBLineChartView.h */,
				024157491B2DD083000ADCB5 /* JBLineChartView.m */,
			);
			path = Jawbone;
			sourceTree = "<group>";
		};
		0241574E1B2DD0B6000ADCB5 /* Open Source Frameworks */ = {
			isa = PBXGroup;
			children = (
				024157431B2DD083000ADCB5 /* Jawbone */,
				024D32901B2CFEDC0061D518 /* Slack */,
				021544291B293A8D0057B176 /* PocketSVG.h */,
				0215442A1B293A8D0057B176 /* PocketSVG.m */,
			);
			name = "Open Source Frameworks";
			sourceTree = "<group>";
		};
		024D32901B2CFEDC0061D518 /* Slack */ = {
			isa = PBXGroup;
			children = (
				024D32911B2CFEDC0061D518 /* Additions */,
				024D329B1B2CFEDC0061D518 /* Classes */,
			);
			path = Slack;
			sourceTree = "<group>";
		};
		024D32911B2CFEDC0061D518 /* Additions */ = {
			isa = PBXGroup;
			children = (
				024D32921B2CFEDC0061D518 /* SLKTextView+SLKAdditions.h */,
				024D32931B2CFEDC0061D518 /* SLKTextView+SLKAdditions.m */,
				024D32941B2CFEDC0061D518 /* SLKUIConstants.h */,
				024D32951B2CFEDC0061D518 /* UIResponder+SLKAdditions.h */,
				024D32961B2CFEDC0061D518 /* UIResponder+SLKAdditions.m */,
				024D32971B2CFEDC0061D518 /* UIScrollView+SLKAdditions.h */,
				024D32981B2CFEDC0061D518 /* UIScrollView+SLKAdditions.m */,
				024D32991B2CFEDC0061D518 /* UIView+SLKAdditions.h */,
				024D329A1B2CFEDC0061D518 /* UIView+SLKAdditions.m */,
			);
			path = Additions;
			sourceTree = "<group>";
		};
		024D329B1B2CFEDC0061D518 /* Classes */ = {
			isa = PBXGroup;
			children = (
				024D329C1B2CFEDC0061D518 /* SLKInputAccessoryView.h */,
				024D329D1B2CFEDC0061D518 /* SLKInputAccessoryView.m */,
				024D329E1B2CFEDC0061D518 /* SLKTextInputbar.h */,
				024D329F1B2CFEDC0061D518 /* SLKTextInputbar.m */,
				024D32A01B2CFEDC0061D518 /* SLKTextView.h */,
				024D32A11B2CFEDC0061D518 /* SLKTextView.m */,
				024D32A21B2CFEDC0061D518 /* SLKTextViewController.h */,
				024D32A31B2CFEDC0061D518 /* SLKTextViewController.m */,
				024D32A41B2CFEDC0061D518 /* SLKTypingIndicatorView.h */,
				024D32A51B2CFEDC0061D518 /* SLKTypingIndicatorView.m */,
			);
			path = Classes;
			sourceTree = "<group>";
		};
		02529E1A1B276980009CF624 /* Products */ = {
			isa = PBXGroup;
			children = (
				02529E1F1B276981009CF624 /* CondoModel.framework */,
				02529E211B276981009CF624 /* CondoModelTests.xctest */,
			);
			name = Products;
			sourceTree = "<group>";
		};
		02ABBFF41B2768BC00E0678B = {
			isa = PBXGroup;
			children = (
				02529E191B276980009CF624 /* CondoModel.xcodeproj */,
				02ABBFFF1B2768BC00E0678B /* Condo */,
				02ABC0151B2768BC00E0678B /* CondoTests */,
				02ABBFFE1B2768BC00E0678B /* Products */,
				D1DA35231B30A4980082E263 /* Frameworks */,
			);
			sourceTree = "<group>";
		};
		02ABBFFE1B2768BC00E0678B /* Products */ = {
			isa = PBXGroup;
			children = (
				02ABBFFD1B2768BC00E0678B /* Condo.app */,
				02ABC0121B2768BC00E0678B /* CondoTests.xctest */,
			);
			name = Products;
			sourceTree = "<group>";
		};
		02ABBFFF1B2768BC00E0678B /* Condo */ = {
			isa = PBXGroup;
			children = (
				021544181B29121A0057B176 /* CondoUtils.swift */,
				02ABC0021B2768BC00E0678B /* AppDelegate.swift */,
				021544331B294F140057B176 /* Controller */,
				021544321B294F070057B176 /* View */,
				02ABC0001B2768BC00E0678B /* Supporting Files */,
			);
			path = Condo;
			sourceTree = "<group>";
		};
		02ABC0001B2768BC00E0678B /* Supporting Files */ = {
			isa = PBXGroup;
			children = (
				02ABC0091B2768BC00E0678B /* Images.xcassets */,
				0241574E1B2DD0B6000ADCB5 /* Open Source Frameworks */,
				4249F60B1B2A127C00B9F861 /* SVGs */,
				02ABC0011B2768BC00E0678B /* Info.plist */,
				021544281B293A8C0057B176 /* Condo-Bridging-Header.h */,
			);
			name = "Supporting Files";
			sourceTree = "<group>";
		};
		02ABC0151B2768BC00E0678B /* CondoTests */ = {
			isa = PBXGroup;
			children = (
				02ABC0181B2768BC00E0678B /* CondoTests.swift */,
				02ABC0161B2768BC00E0678B /* Supporting Files */,
			);
			path = CondoTests;
			sourceTree = "<group>";
		};
		02ABC0161B2768BC00E0678B /* Supporting Files */ = {
			isa = PBXGroup;
			children = (
				02ABC0171B2768BC00E0678B /* Info.plist */,
			);
			name = "Supporting Files";
			sourceTree = "<group>";
		};
		4249F60B1B2A127C00B9F861 /* SVGs */ = {
			isa = PBXGroup;
			children = (
				1BF5FABE1B33F9CD00E78744 /* logo.svg */,
				D1DA35381B30BF970082E263 /* administrationCost.svg */,
				D1DA35391B30BF970082E263 /* cleaningMaterial.svg */,
				D1DA353A1B30BF970082E263 /* cleaningServices.svg */,
				D1DA353B1B30BF970082E263 /* energy.svg */,
				D1DA353C1B30BF970082E263 /* gas.svg */,
				D1DA353D1B30BF970082E263 /* insurance.svg */,
				D1DA353E1B30BF970082E263 /* maintenanceGarden.svg */,
				D1DA353F1B30BF970082E263 /* maintenanceGenerator.svg */,
				D1DA35421B30BF970082E263 /* maintenancePainting.svg */,
				D1DA355A1B30C33F0082E263 /* maintenanceLift.svg */,
				D1DA35431B30BF970082E263 /* maintenancePestControl.svg */,
				D1DA35441B30BF970082E263 /* maintenanceWell.svg */,
				D1DA35461B30BF970082E263 /* personel.svg */,
				D1DA35471B30BF970082E263 /* telephone.svg */,
				D1DA35481B30BF970082E263 /* water.svg */,
				D1DA355E1B30C42B0082E263 /* otherExpense.svg */,
			);
			name = SVGs;
			sourceTree = "<group>";
		};
		D1DA35231B30A4980082E263 /* Frameworks */ = {
			isa = PBXGroup;
			children = (
				D1DA35111B30A4980082E263 /* libz.dylib */,
				D1DA35121B30A4980082E263 /* SystemConfiguration.framework */,
				D1DA35131B30A4980082E263 /* StoreKit.framework */,
				D1DA35141B30A4980082E263 /* Security.framework */,
				D1DA35151B30A4980082E263 /* QuartzCore.framework */,
				D1DA35161B30A4980082E263 /* MobileCoreServices.framework */,
				D1DA35171B30A4980082E263 /* CoreLocation.framework */,
				D1DA35181B30A4980082E263 /* CoreGraphics.framework */,
				D1DA35191B30A4980082E263 /* CFNetwork.framework */,
				D1DA351A1B30A4980082E263 /* AudioToolbox.framework */,
				D1DA351B1B30A4980082E263 /* libsqlite3.0.dylib */,
				D1DA351C1B30A4980082E263 /* libsqlite3.dylib */,
				D1DA351D1B30A4980082E263 /* ParseCrashReporting.framework */,
				D1DA351E1B30A4980082E263 /* ParseFacebookUtils.framework */,
				D1DA351F1B30A4980082E263 /* ParseFacebookUtilsV4.framework */,
				D1DA35201B30A4980082E263 /* ParseUI.framework */,
				D1DA35211B30A4980082E263 /* Parse.framework */,
				D1DA35221B30A4980082E263 /* Bolts.framework */,
			);
			name = Frameworks;
			path = CondoModel;
			sourceTree = "<group>";
		};
		D1E279461B31FCCA00CB33FA /* Expenses */ = {
			isa = PBXGroup;
			children = (
				02ECE4C01B31E8F7000FC6A0 /* ExpensesController.swift */,
				0241574F1B2DECB9000ADCB5 /* ExpensesViewController.swift */,
				024157511B2DF13F000ADCB5 /* ExpenseGraphViewController.swift */,
				02ECE4C31B31EC51000FC6A0 /* ListExpensesTableViewController.swift */,
				02ECE4BC1B30B6E4000FC6A0 /* AddExpenseTableViewController.swift */,
				1B15DFCF1B334D9B00CB365F /* ListDetailsExpensesTableViewController.swift */,
			);
			name = Expenses;
			sourceTree = "<group>";
		};
/* End PBXGroup section */

/* Begin PBXNativeTarget section */
		02ABBFFC1B2768BC00E0678B /* Condo */ = {
			isa = PBXNativeTarget;
			buildConfigurationList = 02ABC01C1B2768BC00E0678B /* Build configuration list for PBXNativeTarget "Condo" */;
			buildPhases = (
				02ABBFF91B2768BC00E0678B /* Sources */,
				02ABBFFA1B2768BC00E0678B /* Frameworks */,
				02ABBFFB1B2768BC00E0678B /* Resources */,
				1BE0E2AC1B28B333002BF58E /* Embed Frameworks */,
			);
			buildRules = (
			);
			dependencies = (
				1BE0E2AB1B28B333002BF58E /* PBXTargetDependency */,
			);
			name = Condo;
			productName = Condo;
			productReference = 02ABBFFD1B2768BC00E0678B /* Condo.app */;
			productType = "com.apple.product-type.application";
		};
		02ABC0111B2768BC00E0678B /* CondoTests */ = {
			isa = PBXNativeTarget;
			buildConfigurationList = 02ABC01F1B2768BC00E0678B /* Build configuration list for PBXNativeTarget "CondoTests" */;
			buildPhases = (
				02ABC00E1B2768BC00E0678B /* Sources */,
				02ABC00F1B2768BC00E0678B /* Frameworks */,
				02ABC0101B2768BC00E0678B /* Resources */,
			);
			buildRules = (
			);
			dependencies = (
				02ABC0141B2768BC00E0678B /* PBXTargetDependency */,
			);
			name = CondoTests;
			productName = CondoTests;
			productReference = 02ABC0121B2768BC00E0678B /* CondoTests.xctest */;
			productType = "com.apple.product-type.bundle.unit-test";
		};
/* End PBXNativeTarget section */

/* Begin PBXProject section */
		02ABBFF51B2768BC00E0678B /* Project object */ = {
			isa = PBXProject;
			attributes = {
				LastUpgradeCheck = 0630;
				ORGANIZATIONNAME = Condo;
				TargetAttributes = {
					02ABBFFC1B2768BC00E0678B = {
						CreatedOnToolsVersion = 6.3.2;
					};
					02ABC0111B2768BC00E0678B = {
						CreatedOnToolsVersion = 6.3.2;
						TestTargetID = 02ABBFFC1B2768BC00E0678B;
					};
				};
			};
			buildConfigurationList = 02ABBFF81B2768BC00E0678B /* Build configuration list for PBXProject "Condo" */;
			compatibilityVersion = "Xcode 3.2";
			developmentRegion = English;
			hasScannedForEncodings = 0;
			knownRegions = (
				en,
				Base,
			);
			mainGroup = 02ABBFF41B2768BC00E0678B;
			productRefGroup = 02ABBFFE1B2768BC00E0678B /* Products */;
			projectDirPath = "";
			projectReferences = (
				{
					ProductGroup = 02529E1A1B276980009CF624 /* Products */;
					ProjectRef = 02529E191B276980009CF624 /* CondoModel.xcodeproj */;
				},
			);
			projectRoot = "";
			targets = (
				02ABBFFC1B2768BC00E0678B /* Condo */,
				02ABC0111B2768BC00E0678B /* CondoTests */,
			);
		};
/* End PBXProject section */

/* Begin PBXReferenceProxy section */
		02529E1F1B276981009CF624 /* CondoModel.framework */ = {
			isa = PBXReferenceProxy;
			fileType = wrapper.framework;
			path = CondoModel.framework;
			remoteRef = 02529E1E1B276981009CF624 /* PBXContainerItemProxy */;
			sourceTree = BUILT_PRODUCTS_DIR;
		};
		02529E211B276981009CF624 /* CondoModelTests.xctest */ = {
			isa = PBXReferenceProxy;
			fileType = wrapper.cfbundle;
			path = CondoModelTests.xctest;
			remoteRef = 02529E201B276981009CF624 /* PBXContainerItemProxy */;
			sourceTree = BUILT_PRODUCTS_DIR;
		};
/* End PBXReferenceProxy section */

/* Begin PBXResourcesBuildPhase section */
		02ABBFFB1B2768BC00E0678B /* Resources */ = {
			isa = PBXResourcesBuildPhase;
			buildActionMask = 2147483647;
			files = (
				02ABC0081B2768BC00E0678B /* Main.storyboard in Resources */,
				1BF5FABF1B33F9CD00E78744 /* logo.svg in Resources */,
				02ABC00D1B2768BC00E0678B /* LaunchScreen.xib in Resources */,
				0206D6191B2A13A100CD3A0E /* ExpenseCollectionViewCell.xib in Resources */,
				021544231B2927650057B176 /* ReportTableViewCell.xib in Resources */,
				021544271B29298D0057B176 /* QuestionTableViewCell.xib in Resources */,
				D1DA354A1B30BF970082E263 /* cleaningMaterial.svg in Resources */,
				D1DA354D1B30BF970082E263 /* gas.svg in Resources */,
				D1DA354F1B30BF970082E263 /* maintenanceGarden.svg in Resources */,
				D1DA35581B30BF970082E263 /* telephone.svg in Resources */,
				D1DA354E1B30BF970082E263 /* insurance.svg in Resources */,
				D1DA355F1B30C42B0082E263 /* otherExpense.svg in Resources */,
				D1DA35591B30BF970082E263 /* water.svg in Resources */,
				02AD60591B28BDDD000D5210 /* PostView.xib in Resources */,
				D1DA35571B30BF970082E263 /* personel.svg in Resources */,
				D1DA35531B30BF970082E263 /* maintenancePainting.svg in Resources */,
				D1DA35501B30BF970082E263 /* maintenanceGenerator.svg in Resources */,
				1B80A5461B33BF19000351B6 /* DetailsExpensesTableViewCell.xib in Resources */,
				D1DA354C1B30BF970082E263 /* energy.svg in Resources */,
				D1DA35541B30BF970082E263 /* maintenancePestControl.svg in Resources */,
				02ABC00A1B2768BC00E0678B /* Images.xcassets in Resources */,
				D1DA35551B30BF970082E263 /* maintenanceWell.svg in Resources */,
				D1DA35491B30BF970082E263 /* administrationCost.svg in Resources */,
				1BE0E2B21B28C6BE002BF58E /* CommentTableViewCell.xib in Resources */,
				D1DA355B1B30C33F0082E263 /* maintenanceLift.svg in Resources */,
				0215441F1B291A220057B176 /* AnnouncementTableViewCell.xib in Resources */,
				D1DA354B1B30BF970082E263 /* cleaningServices.svg in Resources */,
			);
			runOnlyForDeploymentPostprocessing = 0;
		};
		02ABC0101B2768BC00E0678B /* Resources */ = {
			isa = PBXResourcesBuildPhase;
			buildActionMask = 2147483647;
			files = (
			);
			runOnlyForDeploymentPostprocessing = 0;
		};
/* End PBXResourcesBuildPhase section */

/* Begin PBXSourcesBuildPhase section */
		02ABBFF91B2768BC00E0678B /* Sources */ = {
			isa = PBXSourcesBuildPhase;
			buildActionMask = 2147483647;
			files = (
				0215442D1B293C050057B176 /* VectorView.swift in Sources */,
				02ECE4BD1B30B6E4000FC6A0 /* AddExpenseTableViewController.swift in Sources */,
				02AD60571B28BD87000D5210 /* PostView.swift in Sources */,
				024D32AC1B2CFEDC0061D518 /* SLKTextView.m in Sources */,
				0200C98D1B2B4EE4008ED219 /* ExpenseHeaderReusableView.swift in Sources */,
				1BE15C6F1B2F5EBC001BC7BF /* TestExpenseParseViewController.swift in Sources */,
				024D32AA1B2CFEDC0061D518 /* SLKInputAccessoryView.m in Sources */,
				02ECE4BB1B30B6BE000FC6A0 /* SignUpViewController.swift in Sources */,
				021544261B29298D0057B176 /* QuestionTableViewCell.swift in Sources */,
				024D32A71B2CFEDC0061D518 /* UIResponder+SLKAdditions.m in Sources */,
				024157521B2DF13F000ADCB5 /* ExpenseGraphViewController.swift in Sources */,
				024D32A81B2CFEDC0061D518 /* UIScrollView+SLKAdditions.m in Sources */,
				1B9CE3B01B2F450400866898 /* TestParseViewController.swift in Sources */,
				1B15DFD01B334D9B00CB365F /* ListDetailsExpensesTableViewController.swift in Sources */,
				02A9F8F51B28D8E700275606 /* PostDetailTableViewController.swift in Sources */,
				1BE0E2B11B28C6BE002BF58E /* CommentTableViewCell.swift in Sources */,
				0215442B1B293A8D0057B176 /* PocketSVG.m in Sources */,
				021544221B2927650057B176 /* ReportTableViewCell.swift in Sources */,
				0200C98B1B2B49BC008ED219 /* ExpenseDrawingProperties.swift in Sources */,
				02ECE4C41B31EC51000FC6A0 /* ListExpensesTableViewController.swift in Sources */,
				0206D63D1B2A214500CD3A0E /* ExpenseVectorView.swift in Sources */,
				0215441E1B291A220057B176 /* AnnouncementTableViewCell.swift in Sources */,
				024D32AD1B2CFEDC0061D518 /* SLKTextViewController.m in Sources */,
				1B80A5451B33BF19000351B6 /* DetailsExpensesTableViewCell.swift in Sources */,
				0241574B1B2DD083000ADCB5 /* JBChartView.m in Sources */,
				0206D6181B2A13A100CD3A0E /* ExpenseCollectionViewCell.swift in Sources */,
				024D32AB1B2CFEDC0061D518 /* SLKTextInputbar.m in Sources */,
				02ABC0031B2768BC00E0678B /* AppDelegate.swift in Sources */,
				02E06E021B27970900580B3D /* CommunityFeedTableViewController.swift in Sources */,
				0241574A1B2DD083000ADCB5 /* JBBarChartView.m in Sources */,
				024D32A61B2CFEDC0061D518 /* SLKTextView+SLKAdditions.m in Sources */,
				021544191B29121A0057B176 /* CondoUtils.swift in Sources */,
				02ECE4B41B309070000FC6A0 /* PostDrawingProperties.swift in Sources */,
				02ECE4B91B30B6B5000FC6A0 /* LoginViewController.swift in Sources */,
				024157501B2DECB9000ADCB5 /* ExpensesViewController.swift in Sources */,
				02ECE4C11B31E8F7000FC6A0 /* ExpensesController.swift in Sources */,
				0241574C1B2DD083000ADCB5 /* JBLineChartView.m in Sources */,
				024D32AE1B2CFEDC0061D518 /* SLKTypingIndicatorView.m in Sources */,
				021544311B2943080057B176 /* VectorTestViewController.swift in Sources */,
				1BF7C76C1B2A15FC00E9D231 /* NewPostViewController.swift in Sources */,
				1BF5FAC11B34012100E78744 /* CreateCondoViewController.swift in Sources */,
				024D32A91B2CFEDC0061D518 /* UIView+SLKAdditions.m in Sources */,
				1BF5FABC1B33F9B800E78744 /* SelectCondoViewController.swift in Sources */,
				02ECE4C61B31F7AD000FC6A0 /* MainViewController.swift in Sources */,
			);
			runOnlyForDeploymentPostprocessing = 0;
		};
		02ABC00E1B2768BC00E0678B /* Sources */ = {
			isa = PBXSourcesBuildPhase;
			buildActionMask = 2147483647;
			files = (
				02ABC0191B2768BC00E0678B /* CondoTests.swift in Sources */,
			);
			runOnlyForDeploymentPostprocessing = 0;
		};
/* End PBXSourcesBuildPhase section */

/* Begin PBXTargetDependency section */
		02ABC0141B2768BC00E0678B /* PBXTargetDependency */ = {
			isa = PBXTargetDependency;
			target = 02ABBFFC1B2768BC00E0678B /* Condo */;
			targetProxy = 02ABC0131B2768BC00E0678B /* PBXContainerItemProxy */;
		};
		1BE0E2AB1B28B333002BF58E /* PBXTargetDependency */ = {
			isa = PBXTargetDependency;
			name = CondoModel;
			targetProxy = 1BE0E2AA1B28B333002BF58E /* PBXContainerItemProxy */;
		};
/* End PBXTargetDependency section */

/* Begin PBXVariantGroup section */
		02ABC0061B2768BC00E0678B /* Main.storyboard */ = {
			isa = PBXVariantGroup;
			children = (
				02ABC0071B2768BC00E0678B /* Base */,
			);
			name = Main.storyboard;
			sourceTree = "<group>";
		};
		02ABC00B1B2768BC00E0678B /* LaunchScreen.xib */ = {
			isa = PBXVariantGroup;
			children = (
				02ABC00C1B2768BC00E0678B /* Base */,
			);
			name = LaunchScreen.xib;
			sourceTree = "<group>";
		};
/* End PBXVariantGroup section */

/* Begin XCBuildConfiguration section */
		02ABC01A1B2768BC00E0678B /* Debug */ = {
			isa = XCBuildConfiguration;
			buildSettings = {
				ALWAYS_SEARCH_USER_PATHS = NO;
				CLANG_CXX_LANGUAGE_STANDARD = "gnu++0x";
				CLANG_CXX_LIBRARY = "libc++";
				CLANG_ENABLE_MODULES = YES;
				CLANG_ENABLE_OBJC_ARC = YES;
				CLANG_WARN_BOOL_CONVERSION = YES;
				CLANG_WARN_CONSTANT_CONVERSION = YES;
				CLANG_WARN_DIRECT_OBJC_ISA_USAGE = YES_ERROR;
				CLANG_WARN_EMPTY_BODY = YES;
				CLANG_WARN_ENUM_CONVERSION = YES;
				CLANG_WARN_INT_CONVERSION = YES;
				CLANG_WARN_OBJC_ROOT_CLASS = YES_ERROR;
				CLANG_WARN_UNREACHABLE_CODE = YES;
				CLANG_WARN__DUPLICATE_METHOD_MATCH = YES;
				"CODE_SIGN_IDENTITY[sdk=iphoneos*]" = "iPhone Developer";
				COPY_PHASE_STRIP = NO;
				DEBUG_INFORMATION_FORMAT = "dwarf-with-dsym";
				ENABLE_STRICT_OBJC_MSGSEND = YES;
				GCC_C_LANGUAGE_STANDARD = gnu99;
				GCC_DYNAMIC_NO_PIC = NO;
				GCC_NO_COMMON_BLOCKS = YES;
				GCC_OPTIMIZATION_LEVEL = 0;
				GCC_PREPROCESSOR_DEFINITIONS = (
					"DEBUG=1",
					"$(inherited)",
				);
				GCC_SYMBOLS_PRIVATE_EXTERN = NO;
				GCC_WARN_64_TO_32_BIT_CONVERSION = YES;
				GCC_WARN_ABOUT_RETURN_TYPE = YES_ERROR;
				GCC_WARN_UNDECLARED_SELECTOR = YES;
				GCC_WARN_UNINITIALIZED_AUTOS = YES_AGGRESSIVE;
				GCC_WARN_UNUSED_FUNCTION = YES;
				GCC_WARN_UNUSED_VARIABLE = YES;
				IPHONEOS_DEPLOYMENT_TARGET = 8.3;
				MTL_ENABLE_DEBUG_INFO = YES;
				ONLY_ACTIVE_ARCH = YES;
				SDKROOT = iphoneos;
				SWIFT_OPTIMIZATION_LEVEL = "-Onone";
				TARGETED_DEVICE_FAMILY = "1,2";
			};
			name = Debug;
		};
		02ABC01B1B2768BC00E0678B /* Release */ = {
			isa = XCBuildConfiguration;
			buildSettings = {
				ALWAYS_SEARCH_USER_PATHS = NO;
				CLANG_CXX_LANGUAGE_STANDARD = "gnu++0x";
				CLANG_CXX_LIBRARY = "libc++";
				CLANG_ENABLE_MODULES = YES;
				CLANG_ENABLE_OBJC_ARC = YES;
				CLANG_WARN_BOOL_CONVERSION = YES;
				CLANG_WARN_CONSTANT_CONVERSION = YES;
				CLANG_WARN_DIRECT_OBJC_ISA_USAGE = YES_ERROR;
				CLANG_WARN_EMPTY_BODY = YES;
				CLANG_WARN_ENUM_CONVERSION = YES;
				CLANG_WARN_INT_CONVERSION = YES;
				CLANG_WARN_OBJC_ROOT_CLASS = YES_ERROR;
				CLANG_WARN_UNREACHABLE_CODE = YES;
				CLANG_WARN__DUPLICATE_METHOD_MATCH = YES;
				"CODE_SIGN_IDENTITY[sdk=iphoneos*]" = "iPhone Developer";
				COPY_PHASE_STRIP = NO;
				DEBUG_INFORMATION_FORMAT = "dwarf-with-dsym";
				ENABLE_NS_ASSERTIONS = NO;
				ENABLE_STRICT_OBJC_MSGSEND = YES;
				GCC_C_LANGUAGE_STANDARD = gnu99;
				GCC_NO_COMMON_BLOCKS = YES;
				GCC_WARN_64_TO_32_BIT_CONVERSION = YES;
				GCC_WARN_ABOUT_RETURN_TYPE = YES_ERROR;
				GCC_WARN_UNDECLARED_SELECTOR = YES;
				GCC_WARN_UNINITIALIZED_AUTOS = YES_AGGRESSIVE;
				GCC_WARN_UNUSED_FUNCTION = YES;
				GCC_WARN_UNUSED_VARIABLE = YES;
				IPHONEOS_DEPLOYMENT_TARGET = 8.3;
				MTL_ENABLE_DEBUG_INFO = NO;
				SDKROOT = iphoneos;
				TARGETED_DEVICE_FAMILY = "1,2";
				VALIDATE_PRODUCT = YES;
			};
			name = Release;
		};
		02ABC01D1B2768BC00E0678B /* Debug */ = {
			isa = XCBuildConfiguration;
			buildSettings = {
				ASSETCATALOG_COMPILER_APPICON_NAME = AppIcon;
				CLANG_ENABLE_MODULES = YES;
				FRAMEWORK_SEARCH_PATHS = (
					"$(inherited)",
					"$(PROJECT_DIR)/Condo",
					"$(PROJECT_DIR)/CondoModel",
				);
				INFOPLIST_FILE = Condo/Info.plist;
				LD_DYLIB_INSTALL_NAME = "";
				LD_RUNPATH_SEARCH_PATHS = "$(inherited) @executable_path/Frameworks";
				PRODUCT_NAME = "$(TARGET_NAME)";
				SWIFT_OBJC_BRIDGING_HEADER = "Condo/Condo-Bridging-Header.h";
				SWIFT_OPTIMIZATION_LEVEL = "-Onone";
			};
			name = Debug;
		};
		02ABC01E1B2768BC00E0678B /* Release */ = {
			isa = XCBuildConfiguration;
			buildSettings = {
				ASSETCATALOG_COMPILER_APPICON_NAME = AppIcon;
				CLANG_ENABLE_MODULES = YES;
				FRAMEWORK_SEARCH_PATHS = (
					"$(inherited)",
					"$(PROJECT_DIR)/Condo",
					"$(PROJECT_DIR)/CondoModel",
				);
				INFOPLIST_FILE = Condo/Info.plist;
				LD_DYLIB_INSTALL_NAME = "";
				LD_RUNPATH_SEARCH_PATHS = "$(inherited) @executable_path/Frameworks";
				PRODUCT_NAME = "$(TARGET_NAME)";
				SWIFT_OBJC_BRIDGING_HEADER = "Condo/Condo-Bridging-Header.h";
			};
			name = Release;
		};
		02ABC0201B2768BC00E0678B /* Debug */ = {
			isa = XCBuildConfiguration;
			buildSettings = {
				BUNDLE_LOADER = "$(TEST_HOST)";
				FRAMEWORK_SEARCH_PATHS = (
					"$(SDKROOT)/Developer/Library/Frameworks",
					"$(inherited)",
				);
				GCC_PREPROCESSOR_DEFINITIONS = (
					"DEBUG=1",
					"$(inherited)",
				);
				INFOPLIST_FILE = CondoTests/Info.plist;
				LD_RUNPATH_SEARCH_PATHS = "$(inherited) @executable_path/Frameworks @loader_path/Frameworks";
				PRODUCT_NAME = "$(TARGET_NAME)";
				TEST_HOST = "$(BUILT_PRODUCTS_DIR)/Condo.app/Condo";
			};
			name = Debug;
		};
		02ABC0211B2768BC00E0678B /* Release */ = {
			isa = XCBuildConfiguration;
			buildSettings = {
				BUNDLE_LOADER = "$(TEST_HOST)";
				FRAMEWORK_SEARCH_PATHS = (
					"$(SDKROOT)/Developer/Library/Frameworks",
					"$(inherited)",
				);
				INFOPLIST_FILE = CondoTests/Info.plist;
				LD_RUNPATH_SEARCH_PATHS = "$(inherited) @executable_path/Frameworks @loader_path/Frameworks";
				PRODUCT_NAME = "$(TARGET_NAME)";
				TEST_HOST = "$(BUILT_PRODUCTS_DIR)/Condo.app/Condo";
			};
			name = Release;
		};
/* End XCBuildConfiguration section */

/* Begin XCConfigurationList section */
		02ABBFF81B2768BC00E0678B /* Build configuration list for PBXProject "Condo" */ = {
			isa = XCConfigurationList;
			buildConfigurations = (
				02ABC01A1B2768BC00E0678B /* Debug */,
				02ABC01B1B2768BC00E0678B /* Release */,
			);
			defaultConfigurationIsVisible = 0;
			defaultConfigurationName = Release;
		};
		02ABC01C1B2768BC00E0678B /* Build configuration list for PBXNativeTarget "Condo" */ = {
			isa = XCConfigurationList;
			buildConfigurations = (
				02ABC01D1B2768BC00E0678B /* Debug */,
				02ABC01E1B2768BC00E0678B /* Release */,
			);
			defaultConfigurationIsVisible = 0;
			defaultConfigurationName = Release;
		};
		02ABC01F1B2768BC00E0678B /* Build configuration list for PBXNativeTarget "CondoTests" */ = {
			isa = XCConfigurationList;
			buildConfigurations = (
				02ABC0201B2768BC00E0678B /* Debug */,
				02ABC0211B2768BC00E0678B /* Release */,
			);
			defaultConfigurationIsVisible = 0;
			defaultConfigurationName = Release;
		};
/* End XCConfigurationList section */
	};
	rootObject = 02ABBFF51B2768BC00E0678B /* Project object */;
}
